
Microsoft Visual Studio Solution File, Format Version 12.00
# Visual Studio 2012
Project("{FAE04EC0-301F-11D3-BF4B-00C04F79EFBC}") = "SportsStore.Domain", "SportsStore.Domain\SportsStore.Domain.csproj", "{0DD9A8D5-EF58-4988-9284-5A7631FC017E}"
EndProject
Project("{FAE04EC0-301F-11D3-BF4B-00C04F79EFBC}") = "SportsStore.WebUI", "SportsStore.WebUI\SportsStore.WebUI.csproj", "{F195EB4C-F0EB-4735-A0F1-FD634801E662}"
EndProject
Project("{FAE04EC0-301F-11D3-BF4B-00C04F79EFBC}") = "SportsStore.UnitTests", "SportsStore.UnitTests\SportsStore.UnitTests.csproj", "{5B70F793-09CB-406E-B640-1103BFCEFD61}"
EndProject
Global
	GlobalSection(SolutionConfigurationPlatforms) = preSolution
		Debug|Any CPU = Debug|Any CPU
		Release|Any CPU = Release|Any CPU
	EndGlobalSection
	GlobalSection(ProjectConfigurationPlatforms) = postSolution
		{0DD9A8D5-EF58-4988-9284-5A7631FC017E}.Debug|Any CPU.ActiveCfg = Debug|Any CPU
		{0DD9A8D5-EF58-4988-9284-5A7631FC017E}.Debug|Any CPU.Build.0 = Debug|Any CPU
		{0DD9A8D5-EF58-4988-9284-5A7631FC017E}.Release|Any CPU.ActiveCfg = Release|Any CPU
		{0DD9A8D5-EF58-4988-9284-5A7631FC017E}.Release|Any CPU.Build.0 = Release|Any CPU
		{F195EB4C-F0EB-4735-A0F1-FD634801E662}.Debug|Any CPU.ActiveCfg = Debug|Any CPU
		{F195EB4C-F0EB-4735-A0F1-FD634801E662}.Debug|Any CPU.Build.0 = Debug|Any CPU
		{F195EB4C-F0EB-4735-A0F1-FD634801E662}.Release|Any CPU.ActiveCfg = Release|Any CPU
		{F195EB4C-F0EB-4735-A0F1-FD634801E662}.Release|Any CPU.Build.0 = Release|Any CPU
		{5B70F793-09CB-406E-B640-1103BFCEFD61}.Debug|Any CPU.ActiveCfg = Debug|Any CPU
		{5B70F793-09CB-406E-B640-1103BFCEFD61}.Debug|Any CPU.Build.0 = Debug|Any CPU
		{5B70F793-09CB-406E-B640-1103BFCEFD61}.Release|Any CPU.ActiveCfg = Release|Any CPU
		{5B70F793-09CB-406E-B640-1103BFCEFD61}.Release|Any CPU.Build.0 = Release|Any CPU
	EndGlobalSection
	GlobalSection(SolutionProperties) = preSolution
		HideSolutionNode = FALSE
	EndGlobalSection
EndGlobal
